
Microsoft Visual Studio Solution File, Format Version 12.00
# Visual Studio Version 17
VisualStudioVersion = 17.3.32929.385
MinimumVisualStudioVersion = 10.0.40219.1
Project("{2150E333-8FDC-42A3-9474-1A3956D46DE8}") = "src", "src", "{8E31056D-BB47-4E8F-84F5-DFA7252A4B42}"
EndProject
Project("{FAE04EC0-301F-11D3-BF4B-00C04F79EFBC}") = "Client", "src\Client\Client.csproj", "{1F5C2C24-9BDC-47C0-AFA2-8FBF25613FD2}"
EndProject
Project("{FAE04EC0-301F-11D3-BF4B-00C04F79EFBC}") = "Domain", "src\Domain\Domain.csproj", "{91A151B1-33FC-4AA3-9E52-485BC625D3BB}"
EndProject
Project("{FAE04EC0-301F-11D3-BF4B-00C04F79EFBC}") = "Fakers", "src\Fakers\Fakers.csproj", "{E30DCD2C-9D03-498C-AAA3-06B5EB112006}"
EndProject
Project("{FAE04EC0-301F-11D3-BF4B-00C04F79EFBC}") = "Persistence", "src\Persistence\Persistence.csproj", "{4E77BD60-DE1C-42C9-993D-45D85D82AA63}"
EndProject
Project("{FAE04EC0-301F-11D3-BF4B-00C04F79EFBC}") = "Server", "src\Server\Server.csproj", "{5257E633-6D76-482B-80A2-01E703F157B7}"
EndProject
Project("{FAE04EC0-301F-11D3-BF4B-00C04F79EFBC}") = "Services", "src\Services\Services.csproj", "{39853DA1-E477-4458-8363-DEC81BAE985C}"
EndProject
Project("{FAE04EC0-301F-11D3-BF4B-00C04F79EFBC}") = "Shared", "src\Shared\Shared.csproj", "{DA745ED2-17B0-40E8-95F4-85141312CC38}"
EndProject
Project("{2150E333-8FDC-42A3-9474-1A3956D46DE8}") = "tests", "tests", "{CAC5A5D7-6F47-44C8-B416-BB2A6D87DB47}"
EndProject
Project("{FAE04EC0-301F-11D3-BF4B-00C04F79EFBC}") = "DatabaseIntegrationTests", "tests\DatabaseIntegrationTests\DatabaseIntegrationTests.csproj", "{93E929A6-2D02-4FAC-833D-78AAC45DDDB4}"
EndProject
Project("{FAE04EC0-301F-11D3-BF4B-00C04F79EFBC}") = "IntegrationTests", "tests\IntegrationTests\IntegrationTests.csproj", "{7C4CBF5A-61CD-43B0-AAB9-FE8D92732DC4}"
EndProject
Global
	GlobalSection(SolutionConfigurationPlatforms) = preSolution
		Debug|Any CPU = Debug|Any CPU
		Debug|x64 = Debug|x64
		Debug|x86 = Debug|x86
		Release|Any CPU = Release|Any CPU
		Release|x64 = Release|x64
		Release|x86 = Release|x86
	EndGlobalSection
	GlobalSection(ProjectConfigurationPlatforms) = postSolution
		{22CE74A2-4C86-460F-B2FD-EE08C6C420EA}.Debug|Any CPU.ActiveCfg = Debug|Any CPU
		{22CE74A2-4C86-460F-B2FD-EE08C6C420EA}.Debug|Any CPU.Build.0 = Debug|Any CPU
		{22CE74A2-4C86-460F-B2FD-EE08C6C420EA}.Debug|x64.ActiveCfg = Debug|Any CPU
		{22CE74A2-4C86-460F-B2FD-EE08C6C420EA}.Debug|x64.Build.0 = Debug|Any CPU
		{22CE74A2-4C86-460F-B2FD-EE08C6C420EA}.Debug|x86.ActiveCfg = Debug|Any CPU
		{22CE74A2-4C86-460F-B2FD-EE08C6C420EA}.Debug|x86.Build.0 = Debug|Any CPU
		{22CE74A2-4C86-460F-B2FD-EE08C6C420EA}.Release|Any CPU.ActiveCfg = Release|Any CPU
		{22CE74A2-4C86-460F-B2FD-EE08C6C420EA}.Release|Any CPU.Build.0 = Release|Any CPU
		{22CE74A2-4C86-460F-B2FD-EE08C6C420EA}.Release|x64.ActiveCfg = Release|Any CPU
		{22CE74A2-4C86-460F-B2FD-EE08C6C420EA}.Release|x64.Build.0 = Release|Any CPU
		{22CE74A2-4C86-460F-B2FD-EE08C6C420EA}.Release|x86.ActiveCfg = Release|Any CPU
		{22CE74A2-4C86-460F-B2FD-EE08C6C420EA}.Release|x86.Build.0 = Release|Any CPU
		{9CBF4A2F-0148-4BBA-BBEA-36EBB5F011D8}.Debug|Any CPU.ActiveCfg = Debug|Any CPU
		{9CBF4A2F-0148-4BBA-BBEA-36EBB5F011D8}.Debug|Any CPU.Build.0 = Debug|Any CPU
		{9CBF4A2F-0148-4BBA-BBEA-36EBB5F011D8}.Debug|x64.ActiveCfg = Debug|Any CPU
		{9CBF4A2F-0148-4BBA-BBEA-36EBB5F011D8}.Debug|x64.Build.0 = Debug|Any CPU
		{9CBF4A2F-0148-4BBA-BBEA-36EBB5F011D8}.Debug|x86.ActiveCfg = Debug|Any CPU
		{9CBF4A2F-0148-4BBA-BBEA-36EBB5F011D8}.Debug|x86.Build.0 = Debug|Any CPU
		{9CBF4A2F-0148-4BBA-BBEA-36EBB5F011D8}.Release|Any CPU.ActiveCfg = Release|Any CPU
		{9CBF4A2F-0148-4BBA-BBEA-36EBB5F011D8}.Release|Any CPU.Build.0 = Release|Any CPU
		{9CBF4A2F-0148-4BBA-BBEA-36EBB5F011D8}.Release|x64.ActiveCfg = Release|Any CPU
		{9CBF4A2F-0148-4BBA-BBEA-36EBB5F011D8}.Release|x64.Build.0 = Release|Any CPU
		{9CBF4A2F-0148-4BBA-BBEA-36EBB5F011D8}.Release|x86.ActiveCfg = Release|Any CPU
		{9CBF4A2F-0148-4BBA-BBEA-36EBB5F011D8}.Release|x86.Build.0 = Release|Any CPU
		{1F5C2C24-9BDC-47C0-AFA2-8FBF25613FD2}.Debug|Any CPU.ActiveCfg = Debug|Any CPU
		{1F5C2C24-9BDC-47C0-AFA2-8FBF25613FD2}.Debug|Any CPU.Build.0 = Debug|Any CPU
		{1F5C2C24-9BDC-47C0-AFA2-8FBF25613FD2}.Debug|x64.ActiveCfg = Debug|Any CPU
		{1F5C2C24-9BDC-47C0-AFA2-8FBF25613FD2}.Debug|x64.Build.0 = Debug|Any CPU
		{1F5C2C24-9BDC-47C0-AFA2-8FBF25613FD2}.Debug|x86.ActiveCfg = Debug|Any CPU
		{1F5C2C24-9BDC-47C0-AFA2-8FBF25613FD2}.Debug|x86.Build.0 = Debug|Any CPU
		{1F5C2C24-9BDC-47C0-AFA2-8FBF25613FD2}.Release|Any CPU.ActiveCfg = Release|Any CPU
		{1F5C2C24-9BDC-47C0-AFA2-8FBF25613FD2}.Release|Any CPU.Build.0 = Release|Any CPU
		{1F5C2C24-9BDC-47C0-AFA2-8FBF25613FD2}.Release|x64.ActiveCfg = Release|Any CPU
		{1F5C2C24-9BDC-47C0-AFA2-8FBF25613FD2}.Release|x64.Build.0 = Release|Any CPU
		{1F5C2C24-9BDC-47C0-AFA2-8FBF25613FD2}.Release|x86.ActiveCfg = Release|Any CPU
		{1F5C2C24-9BDC-47C0-AFA2-8FBF25613FD2}.Release|x86.Build.0 = Release|Any CPU
		{91A151B1-33FC-4AA3-9E52-485BC625D3BB}.Debug|Any CPU.ActiveCfg = Debug|Any CPU
		{91A151B1-33FC-4AA3-9E52-485BC625D3BB}.Debug|Any CPU.Build.0 = Debug|Any CPU
		{91A151B1-33FC-4AA3-9E52-485BC625D3BB}.Debug|x64.ActiveCfg = Debug|Any CPU
		{91A151B1-33FC-4AA3-9E52-485BC625D3BB}.Debug|x64.Build.0 = Debug|Any CPU
		{91A151B1-33FC-4AA3-9E52-485BC625D3BB}.Debug|x86.ActiveCfg = Debug|Any CPU
		{91A151B1-33FC-4AA3-9E52-485BC625D3BB}.Debug|x86.Build.0 = Debug|Any CPU
		{91A151B1-33FC-4AA3-9E52-485BC625D3BB}.Release|Any CPU.ActiveCfg = Release|Any CPU
		{91A151B1-33FC-4AA3-9E52-485BC625D3BB}.Release|Any CPU.Build.0 = Release|Any CPU
		{91A151B1-33FC-4AA3-9E52-485BC625D3BB}.Release|x64.ActiveCfg = Release|Any CPU
		{91A151B1-33FC-4AA3-9E52-485BC625D3BB}.Release|x64.Build.0 = Release|Any CPU
		{91A151B1-33FC-4AA3-9E52-485BC625D3BB}.Release|x86.ActiveCfg = Release|Any CPU
		{91A151B1-33FC-4AA3-9E52-485BC625D3BB}.Release|x86.Build.0 = Release|Any CPU
		{E30DCD2C-9D03-498C-AAA3-06B5EB112006}.Debug|Any CPU.ActiveCfg = Debug|Any CPU
		{E30DCD2C-9D03-498C-AAA3-06B5EB112006}.Debug|Any CPU.Build.0 = Debug|Any CPU
		{E30DCD2C-9D03-498C-AAA3-06B5EB112006}.Debug|x64.ActiveCfg = Debug|Any CPU
		{E30DCD2C-9D03-498C-AAA3-06B5EB112006}.Debug|x64.Build.0 = Debug|Any CPU
		{E30DCD2C-9D03-498C-AAA3-06B5EB112006}.Debug|x86.ActiveCfg = Debug|Any CPU
		{E30DCD2C-9D03-498C-AAA3-06B5EB112006}.Debug|x86.Build.0 = Debug|Any CPU
		{E30DCD2C-9D03-498C-AAA3-06B5EB112006}.Release|Any CPU.ActiveCfg = Release|Any CPU
		{E30DCD2C-9D03-498C-AAA3-06B5EB112006}.Release|Any CPU.Build.0 = Release|Any CPU
		{E30DCD2C-9D03-498C-AAA3-06B5EB112006}.Release|x64.ActiveCfg = Release|Any CPU
		{E30DCD2C-9D03-498C-AAA3-06B5EB112006}.Release|x64.Build.0 = Release|Any CPU
		{E30DCD2C-9D03-498C-AAA3-06B5EB112006}.Release|x86.ActiveCfg = Release|Any CPU
		{E30DCD2C-9D03-498C-AAA3-06B5EB112006}.Release|x86.Build.0 = Release|Any CPU
		{4E77BD60-DE1C-42C9-993D-45D85D82AA63}.Debug|Any CPU.ActiveCfg = Debug|Any CPU
		{4E77BD60-DE1C-42C9-993D-45D85D82AA63}.Debug|Any CPU.Build.0 = Debug|Any CPU
		{4E77BD60-DE1C-42C9-993D-45D85D82AA63}.Debug|x64.ActiveCfg = Debug|Any CPU
		{4E77BD60-DE1C-42C9-993D-45D85D82AA63}.Debug|x64.Build.0 = Debug|Any CPU
		{4E77BD60-DE1C-42C9-993D-45D85D82AA63}.Debug|x86.ActiveCfg = Debug|Any CPU
		{4E77BD60-DE1C-42C9-993D-45D85D82AA63}.Debug|x86.Build.0 = Debug|Any CPU
		{4E77BD60-DE1C-42C9-993D-45D85D82AA63}.Release|Any CPU.ActiveCfg = Release|Any CPU
		{4E77BD60-DE1C-42C9-993D-45D85D82AA63}.Release|Any CPU.Build.0 = Release|Any CPU
		{4E77BD60-DE1C-42C9-993D-45D85D82AA63}.Release|x64.ActiveCfg = Release|Any CPU
		{4E77BD60-DE1C-42C9-993D-45D85D82AA63}.Release|x64.Build.0 = Release|Any CPU
		{4E77BD60-DE1C-42C9-993D-45D85D82AA63}.Release|x86.ActiveCfg = Release|Any CPU
		{4E77BD60-DE1C-42C9-993D-45D85D82AA63}.Release|x86.Build.0 = Release|Any CPU
		{5257E633-6D76-482B-80A2-01E703F157B7}.Debug|Any CPU.ActiveCfg = Debug|Any CPU
		{5257E633-6D76-482B-80A2-01E703F157B7}.Debug|Any CPU.Build.0 = Debug|Any CPU
		{5257E633-6D76-482B-80A2-01E703F157B7}.Debug|x64.ActiveCfg = Debug|Any CPU
		{5257E633-6D76-482B-80A2-01E703F157B7}.Debug|x64.Build.0 = Debug|Any CPU
		{5257E633-6D76-482B-80A2-01E703F157B7}.Debug|x86.ActiveCfg = Debug|Any CPU
		{5257E633-6D76-482B-80A2-01E703F157B7}.Debug|x86.Build.0 = Debug|Any CPU
		{5257E633-6D76-482B-80A2-01E703F157B7}.Release|Any CPU.ActiveCfg = Release|Any CPU
		{5257E633-6D76-482B-80A2-01E703F157B7}.Release|Any CPU.Build.0 = Release|Any CPU
		{5257E633-6D76-482B-80A2-01E703F157B7}.Release|x64.ActiveCfg = Release|Any CPU
		{5257E633-6D76-482B-80A2-01E703F157B7}.Release|x64.Build.0 = Release|Any CPU
		{5257E633-6D76-482B-80A2-01E703F157B7}.Release|x86.ActiveCfg = Release|Any CPU
		{5257E633-6D76-482B-80A2-01E703F157B7}.Release|x86.Build.0 = Release|Any CPU
		{39853DA1-E477-4458-8363-DEC81BAE985C}.Debug|Any CPU.ActiveCfg = Debug|Any CPU
		{39853DA1-E477-4458-8363-DEC81BAE985C}.Debug|Any CPU.Build.0 = Debug|Any CPU
		{39853DA1-E477-4458-8363-DEC81BAE985C}.Debug|x64.ActiveCfg = Debug|Any CPU
		{39853DA1-E477-4458-8363-DEC81BAE985C}.Debug|x64.Build.0 = Debug|Any CPU
		{39853DA1-E477-4458-8363-DEC81BAE985C}.Debug|x86.ActiveCfg = Debug|Any CPU
		{39853DA1-E477-4458-8363-DEC81BAE985C}.Debug|x86.Build.0 = Debug|Any CPU
		{39853DA1-E477-4458-8363-DEC81BAE985C}.Release|Any CPU.ActiveCfg = Release|Any CPU
		{39853DA1-E477-4458-8363-DEC81BAE985C}.Release|Any CPU.Build.0 = Release|Any CPU
		{39853DA1-E477-4458-8363-DEC81BAE985C}.Release|x64.ActiveCfg = Release|Any CPU
		{39853DA1-E477-4458-8363-DEC81BAE985C}.Release|x64.Build.0 = Release|Any CPU
		{39853DA1-E477-4458-8363-DEC81BAE985C}.Release|x86.ActiveCfg = Release|Any CPU
		{39853DA1-E477-4458-8363-DEC81BAE985C}.Release|x86.Build.0 = Release|Any CPU
		{DA745ED2-17B0-40E8-95F4-85141312CC38}.Debug|Any CPU.ActiveCfg = Debug|Any CPU
		{DA745ED2-17B0-40E8-95F4-85141312CC38}.Debug|Any CPU.Build.0 = Debug|Any CPU
		{DA745ED2-17B0-40E8-95F4-85141312CC38}.Debug|x64.ActiveCfg = Debug|Any CPU
		{DA745ED2-17B0-40E8-95F4-85141312CC38}.Debug|x64.Build.0 = Debug|Any CPU
		{DA745ED2-17B0-40E8-95F4-85141312CC38}.Debug|x86.ActiveCfg = Debug|Any CPU
		{DA745ED2-17B0-40E8-95F4-85141312CC38}.Debug|x86.Build.0 = Debug|Any CPU
		{DA745ED2-17B0-40E8-95F4-85141312CC38}.Release|Any CPU.ActiveCfg = Release|Any CPU
		{DA745ED2-17B0-40E8-95F4-85141312CC38}.Release|Any CPU.Build.0 = Release|Any CPU
		{DA745ED2-17B0-40E8-95F4-85141312CC38}.Release|x64.ActiveCfg = Release|Any CPU
		{DA745ED2-17B0-40E8-95F4-85141312CC38}.Release|x64.Build.0 = Release|Any CPU
		{DA745ED2-17B0-40E8-95F4-85141312CC38}.Release|x86.ActiveCfg = Release|Any CPU
		{DA745ED2-17B0-40E8-95F4-85141312CC38}.Release|x86.Build.0 = Release|Any CPU
		{93E929A6-2D02-4FAC-833D-78AAC45DDDB4}.Debug|Any CPU.ActiveCfg = Debug|Any CPU
		{93E929A6-2D02-4FAC-833D-78AAC45DDDB4}.Debug|Any CPU.Build.0 = Debug|Any CPU
		{93E929A6-2D02-4FAC-833D-78AAC45DDDB4}.Debug|x64.ActiveCfg = Debug|Any CPU
		{93E929A6-2D02-4FAC-833D-78AAC45DDDB4}.Debug|x64.Build.0 = Debug|Any CPU
		{93E929A6-2D02-4FAC-833D-78AAC45DDDB4}.Debug|x86.ActiveCfg = Debug|Any CPU
		{93E929A6-2D02-4FAC-833D-78AAC45DDDB4}.Debug|x86.Build.0 = Debug|Any CPU
		{93E929A6-2D02-4FAC-833D-78AAC45DDDB4}.Release|Any CPU.ActiveCfg = Release|Any CPU
		{93E929A6-2D02-4FAC-833D-78AAC45DDDB4}.Release|Any CPU.Build.0 = Release|Any CPU
		{93E929A6-2D02-4FAC-833D-78AAC45DDDB4}.Release|x64.ActiveCfg = Release|Any CPU
		{93E929A6-2D02-4FAC-833D-78AAC45DDDB4}.Release|x64.Build.0 = Release|Any CPU
		{93E929A6-2D02-4FAC-833D-78AAC45DDDB4}.Release|x86.ActiveCfg = Release|Any CPU
		{93E929A6-2D02-4FAC-833D-78AAC45DDDB4}.Release|x86.Build.0 = Release|Any CPU
		{7C4CBF5A-61CD-43B0-AAB9-FE8D92732DC4}.Debug|Any CPU.ActiveCfg = Debug|Any CPU
		{7C4CBF5A-61CD-43B0-AAB9-FE8D92732DC4}.Debug|Any CPU.Build.0 = Debug|Any CPU
		{7C4CBF5A-61CD-43B0-AAB9-FE8D92732DC4}.Debug|x64.ActiveCfg = Debug|Any CPU
		{7C4CBF5A-61CD-43B0-AAB9-FE8D92732DC4}.Debug|x64.Build.0 = Debug|Any CPU
		{7C4CBF5A-61CD-43B0-AAB9-FE8D92732DC4}.Debug|x86.ActiveCfg = Debug|Any CPU
		{7C4CBF5A-61CD-43B0-AAB9-FE8D92732DC4}.Debug|x86.Build.0 = Debug|Any CPU
		{7C4CBF5A-61CD-43B0-AAB9-FE8D92732DC4}.Release|Any CPU.ActiveCfg = Release|Any CPU
		{7C4CBF5A-61CD-43B0-AAB9-FE8D92732DC4}.Release|Any CPU.Build.0 = Release|Any CPU
		{7C4CBF5A-61CD-43B0-AAB9-FE8D92732DC4}.Release|x64.ActiveCfg = Release|Any CPU
		{7C4CBF5A-61CD-43B0-AAB9-FE8D92732DC4}.Release|x64.Build.0 = Release|Any CPU
		{7C4CBF5A-61CD-43B0-AAB9-FE8D92732DC4}.Release|x86.ActiveCfg = Release|Any CPU
		{7C4CBF5A-61CD-43B0-AAB9-FE8D92732DC4}.Release|x86.Build.0 = Release|Any CPU
	EndGlobalSection
	GlobalSection(SolutionProperties) = preSolution
		HideSolutionNode = FALSE
	EndGlobalSection
	GlobalSection(ExtensibilityGlobals) = postSolution
		SolutionGuid = {59403BC7-8B84-43D6-9EEE-22E0D9A6F8FE}
	EndGlobalSection
	GlobalSection(NestedProjects) = preSolution
		{1F5C2C24-9BDC-47C0-AFA2-8FBF25613FD2} = {8E31056D-BB47-4E8F-84F5-DFA7252A4B42}
		{91A151B1-33FC-4AA3-9E52-485BC625D3BB} = {8E31056D-BB47-4E8F-84F5-DFA7252A4B42}
		{E30DCD2C-9D03-498C-AAA3-06B5EB112006} = {8E31056D-BB47-4E8F-84F5-DFA7252A4B42}
		{4E77BD60-DE1C-42C9-993D-45D85D82AA63} = {8E31056D-BB47-4E8F-84F5-DFA7252A4B42}
		{5257E633-6D76-482B-80A2-01E703F157B7} = {8E31056D-BB47-4E8F-84F5-DFA7252A4B42}
		{39853DA1-E477-4458-8363-DEC81BAE985C} = {8E31056D-BB47-4E8F-84F5-DFA7252A4B42}
		{DA745ED2-17B0-40E8-95F4-85141312CC38} = {8E31056D-BB47-4E8F-84F5-DFA7252A4B42}
		{93E929A6-2D02-4FAC-833D-78AAC45DDDB4} = {CAC5A5D7-6F47-44C8-B416-BB2A6D87DB47}
		{7C4CBF5A-61CD-43B0-AAB9-FE8D92732DC4} = {CAC5A5D7-6F47-44C8-B416-BB2A6D87DB47}
	EndGlobalSection
EndGlobal
